{
  "name": "olympus-test",
  "version": "1.0.0",
  "lockfileVersion": 1,
  "requires": true,
  "dependencies": {
    "@types/gsap": {
      "version": "1.19.2",
      "resolved": "https://registry.npmjs.org/@types/gsap/-/gsap-1.19.2.tgz",
      "integrity": "sha512-rEEGaIt6Q8IYRiwLfkJjcQOxFX/UehwXUvjvxiWT4WN07U0C4omh5WWciy99KFChJWYoCHAZY3FdAeFMKXTgDg=="
    },
    "gsap": {
      "version": "1.20.3",
      "resolved": "https://registry.npmjs.org/gsap/-/gsap-1.20.3.tgz",
      "integrity": "sha512-WICK7628LOKYIzcDzN0fGH44uF9TGzUhZkltlnsOivwnb65ApgFXN0hnsEXHQerl+TVGhv7h9glyTW5LWlEypQ=="
    },
    "olympus-r": {
      "version": "0.4.61",
      "resolved": "https://registry.npmjs.org/olympus-r/-/olympus-r-0.4.61.tgz",
      "integrity": "sha512-0EqEOQ1PFBzCD86I7MuWzhBkSRSJUBUvbiOlhCJ7YxtvF3T0HNQ/1RsXNgH/Dhb/RRG/A1IiNIP/mMRrgZx7TQ==",
      "requires": {
        "reflect-metadata": "0.1.12"
      }
    },
    "olympus-r-dom": {
      "version": "0.4.11",
      "resolved": "https://registry.npmjs.org/olympus-r-dom/-/olympus-r-dom-0.4.11.tgz",
      "integrity": "sha512-pJZ/F/XxZvjVlkr2XjPWiLZ9vuIPMfDzgRNaa3YVfZWz555TFWlxyRbOzDRhyIKZhL9OeRSwLp8SOanvxZmCNA==",
      "requires": {
        "@types/gsap": "1.19.2",
        "gsap": "1.20.3"
      }
    },
    "olympus-r-egret": {
      "version": "0.4.19",
      "resolved": "https://registry.npmjs.org/olympus-r-egret/-/olympus-r-egret-0.4.19.tgz",
      "integrity": "sha512-w+DdB913QUO97lp13C/fd5HYLNd7lk9JwWIz2SbsMKjAHbR1yWUGlYeOqdf3aLUHA2SPw8ZBpUI6B9dsVBID1w=="
    },
    "reflect-metadata": {
      "version": "0.1.12",
      "resolved": "https://registry.npmjs.org/reflect-metadata/-/reflect-metadata-0.1.12.tgz",
      "integrity": "sha512-n+IyV+nGz3+0q3/Yf1ra12KpCyi001bi4XFxSjbiWWjfqb52iTTtpGXmCCAOWWIAn9KEuFZKGqBERHmrtScZ3A=="
    }
  }
}
