{
  "name": "olympus-test",
  "version": "1.0.0",
  "lockfileVersion": 1,
  "requires": true,
  "dependencies": {
    "@types/gsap": {
      "version": "1.19.1",
      "resolved": "https://registry.npmjs.org/@types/gsap/-/gsap-1.19.1.tgz",
      "integrity": "sha1-7pNZCx733Iawt3npTji1utboxng="
    },
    "gsap": {
      "version": "1.20.3",
      "resolved": "https://registry.npmjs.org/gsap/-/gsap-1.20.3.tgz",
      "integrity": "sha512-WICK7628LOKYIzcDzN0fGH44uF9TGzUhZkltlnsOivwnb65ApgFXN0hnsEXHQerl+TVGhv7h9glyTW5LWlEypQ=="
    },
    "olympus-r": {
      "version": "0.4.23",
      "resolved": "https://registry.npmjs.org/olympus-r/-/olympus-r-0.4.23.tgz",
      "integrity": "sha512-ELiUooRg/3ESAdAh/MH8Zav9mteKgcpElkJWZHby8+55SJVuPhfg/y4aWOYX7MK+xGfuzniEToNPqnQExNivJQ==",
      "requires": {
        "reflect-metadata": "0.1.10"
      }
    },
    "olympus-r-dom": {
      "version": "0.4.10",
      "resolved": "https://registry.npmjs.org/olympus-r-dom/-/olympus-r-dom-0.4.10.tgz",
      "integrity": "sha512-95FSu/6hu6HXHaFJuD7fl0XYQ/MQUNJnwMZorbGtrGOuTXAxg7yQCgVPqGM6Grkj5VQN5VtbvVazmUDsYY/94A==",
      "requires": {
        "@types/gsap": "1.19.1",
        "gsap": "1.20.3"
      }
    },
    "olympus-r-egret": {
      "version": "0.4.13",
      "resolved": "https://registry.npmjs.org/olympus-r-egret/-/olympus-r-egret-0.4.13.tgz",
      "integrity": "sha512-f1N7xKsLKzKnfJS07PTuWSwybIOyw6N+dFTaqR8mmBL/LhKl92ju2mG/yYbjKA7xWWCnSKpIzEw7JmsEiKTcMw=="
    },
    "reflect-metadata": {
      "version": "0.1.10",
      "resolved": "https://registry.npmjs.org/reflect-metadata/-/reflect-metadata-0.1.10.tgz",
      "integrity": "sha1-tPg3BEFqytiZiMmxVjXUfgO5NEo="
    }
  }
}
