{
  "name": "olympus-test",
  "version": "1.0.0",
  "lockfileVersion": 1,
  "requires": true,
  "dependencies": {
    "@types/gsap": {
      "version": "1.19.1",
      "resolved": "https://registry.npmjs.org/@types/gsap/-/gsap-1.19.1.tgz",
      "integrity": "sha1-7pNZCx733Iawt3npTji1utboxng="
    },
    "gsap": {
      "version": "1.20.3",
      "resolved": "https://registry.npmjs.org/gsap/-/gsap-1.20.3.tgz",
      "integrity": "sha512-WICK7628LOKYIzcDzN0fGH44uF9TGzUhZkltlnsOivwnb65ApgFXN0hnsEXHQerl+TVGhv7h9glyTW5LWlEypQ=="
    },
    "olympus-r": {
      "version": "0.4.38",
      "resolved": "http://registry.npm.taobao.org/olympus-r/download/olympus-r-0.4.38.tgz",
      "integrity": "sha1-lAR+C3J/KOPuc1fnzqU2wHpIH4E=",
      "requires": {
        "reflect-metadata": "0.1.12"
      }
    },
    "olympus-r-dom": {
      "version": "0.4.10",
      "resolved": "https://registry.npmjs.org/olympus-r-dom/-/olympus-r-dom-0.4.10.tgz",
      "integrity": "sha512-95FSu/6hu6HXHaFJuD7fl0XYQ/MQUNJnwMZorbGtrGOuTXAxg7yQCgVPqGM6Grkj5VQN5VtbvVazmUDsYY/94A==",
      "requires": {
        "@types/gsap": "1.19.1",
        "gsap": "1.20.3"
      }
    },
    "olympus-r-egret": {
      "version": "0.4.14",
      "resolved": "http://registry.npm.taobao.org/olympus-r-egret/download/olympus-r-egret-0.4.14.tgz",
      "integrity": "sha1-txCvav9BBHY2mWRdYQ41uOHpBtU="
    },
    "reflect-metadata": {
      "version": "0.1.12",
      "resolved": "http://registry.npm.taobao.org/reflect-metadata/download/reflect-metadata-0.1.12.tgz",
      "integrity": "sha1-MRvwxrY814LyKKgavhRqK/qcVvI="
    }
  }
}
