{
  "name": "olympus-r-dom",
  "version": "0.0.1",
  "lockfileVersion": 1,
  "requires": true,
  "dependencies": {
    "olympus-r": {
      "version": "0.0.7",
      "resolved": "http://registry.npm.taobao.org/olympus-r/download/olympus-r-0.0.7.tgz",
      "integrity": "sha1-24evQOo2lE3p4r1wZMyn3DUbv+Q="
    }
  }
}
