{
  "name": "olympus-r-dom",
  "version": "0.1.8",
  "lockfileVersion": 1,
  "requires": true,
  "dependencies": {
    "olympus-r": {
      "version": "0.1.8",
      "resolved": "https://registry.npmjs.org/olympus-r/-/olympus-r-0.1.8.tgz",
      "integrity": "sha512-gPBeTX511lA08TrGfvVCxQlJXsU/WEnu8RfZixKW4/gmFI4DrZlDRWBTn/Z7nniP1TRNPoj9O/7+iU2yhnu6mA=="
    }
  }
}
