{
  "name": "olympus-r-dom",
  "version": "0.4.8",
  "lockfileVersion": 1,
  "requires": true,
  "dependencies": {
    "olympus-r": {
      "version": "0.4.10",
      "resolved": "https://registry.npmjs.org/olympus-r/-/olympus-r-0.4.10.tgz",
      "integrity": "sha512-3tbIHCsIk+ieRCwLOWbw5ucmjaDz25rgZcEt/WEZGJXTPxYqbeIRsGFqcqxarWEmR5JgIKwYAoql8Qj7Ovm7hA==",
      "dev": true,
      "requires": {
        "reflect-metadata": "0.1.10"
      }
    },
    "reflect-metadata": {
      "version": "0.1.10",
      "resolved": "https://registry.npmjs.org/reflect-metadata/-/reflect-metadata-0.1.10.tgz",
      "integrity": "sha1-tPg3BEFqytiZiMmxVjXUfgO5NEo=",
      "dev": true
    }
  }
}
