{
  "name": "olympus-r",
  "version": "0.0.2",
  "lockfileVersion": 1,
  "requires": true,
  "dependencies": {
    "requirejs": {
      "version": "2.3.5",
      "resolved": "http://npm.17zuoye.net/requirejs/-/requirejs-2.3.5.tgz",
      "integrity": "sha1-YXuay7yzNlQO9JFNeQMjqNS4YbA=",
      "dev": true
    }
  }
}
