{
  "name": "olympus-r",
  "version": "0.8.10",
  "lockfileVersion": 1,
  "requires": true,
  "dependencies": {
    "@types/minimatch": {
      "version": "3.0.3",
      "resolved": "http://npm.6tiantian.com:4873/@types%2fminimatch/-/minimatch-3.0.3.tgz",
      "integrity": "sha1-PcoOPzOyAPx9ETnAzZbBJoyt/Z0=",
      "dev": true
    },
    "backbone": {
      "version": "1.4.0",
      "resolved": "http://npm.6tiantian.com:4873/backbone/-/backbone-1.4.0.tgz",
      "integrity": "sha1-VNtN6d98OBHD8DLzR0mkzSfzvRI=",
      "dev": true,
      "requires": {
        "underscore": ">=1.8.3"
      }
    },
    "balanced-match": {
      "version": "1.0.0",
      "resolved": "http://npm.6tiantian.com:4873/balanced-match/-/balanced-match-1.0.0.tgz",
      "integrity": "sha1-ibTRmasr7kneFk6gK4nORi1xt2c=",
      "dev": true
    },
    "brace-expansion": {
      "version": "1.1.11",
      "resolved": "http://npm.6tiantian.com:4873/brace-expansion/-/brace-expansion-1.1.11.tgz",
      "integrity": "sha1-PH/L9SnYcibz0vUrlm/1Jx60Qd0=",
      "dev": true,
      "requires": {
        "balanced-match": "^1.0.0",
        "concat-map": "0.0.1"
      }
    },
    "commander": {
      "version": "2.20.0",
      "resolved": "http://npm.6tiantian.com:4873/commander/-/commander-2.20.0.tgz",
      "integrity": "sha1-1YuytcHuj4ew00ACfp6U4iLFpCI=",
      "dev": true,
      "optional": true
    },
    "concat-map": {
      "version": "0.0.1",
      "resolved": "http://npm.6tiantian.com:4873/concat-map/-/concat-map-0.0.1.tgz",
      "integrity": "sha1-2Klr13/Wjfd5OnMDajug1UBdR3s=",
      "dev": true
    },
    "fs-extra": {
      "version": "8.1.0",
      "resolved": "http://npm.6tiantian.com:4873/fs-extra/-/fs-extra-8.1.0.tgz",
      "integrity": "sha1-SdQ8RaiM2Wd2aMt74bRu/bjS4cA=",
      "dev": true,
      "requires": {
        "graceful-fs": "^4.2.0",
        "jsonfile": "^4.0.0",
        "universalify": "^0.1.0"
      }
    },
    "fs.realpath": {
      "version": "1.0.0",
      "resolved": "http://npm.6tiantian.com:4873/fs.realpath/-/fs.realpath-1.0.0.tgz",
      "integrity": "sha1-FQStJSMVjKpA20onh8sBQRmU6k8=",
      "dev": true
    },
    "glob": {
      "version": "7.1.4",
      "resolved": "http://npm.6tiantian.com:4873/glob/-/glob-7.1.4.tgz",
      "integrity": "sha1-qmCKL2xXetNX4a5aXCbZqNGWklU=",
      "dev": true,
      "requires": {
        "fs.realpath": "^1.0.0",
        "inflight": "^1.0.4",
        "inherits": "2",
        "minimatch": "^3.0.4",
        "once": "^1.3.0",
        "path-is-absolute": "^1.0.0"
      }
    },
    "graceful-fs": {
      "version": "4.2.2",
      "resolved": "http://npm.6tiantian.com:4873/graceful-fs/-/graceful-fs-4.2.2.tgz",
      "integrity": "sha1-bwlSYF0BQMHP2xOO0AV3W5LWewI=",
      "dev": true
    },
    "handlebars": {
      "version": "4.1.2",
      "resolved": "http://npm.6tiantian.com:4873/handlebars/-/handlebars-4.1.2.tgz",
      "integrity": "sha1-trN8HO0DBrIh4JT8eso+wjsTG2c=",
      "dev": true,
      "requires": {
        "neo-async": "^2.6.0",
        "optimist": "^0.6.1",
        "source-map": "^0.6.1",
        "uglify-js": "^3.1.4"
      }
    },
    "highlight.js": {
      "version": "9.15.10",
      "resolved": "http://npm.6tiantian.com:4873/highlight.js/-/highlight.js-9.15.10.tgz",
      "integrity": "sha1-exjtdckDSMBF7vntCMoTGaIhmtI=",
      "dev": true
    },
    "inflight": {
      "version": "1.0.6",
      "resolved": "http://npm.6tiantian.com:4873/inflight/-/inflight-1.0.6.tgz",
      "integrity": "sha1-Sb1jMdfQLQwJvJEKEHW6gWW1bfk=",
      "dev": true,
      "requires": {
        "once": "^1.3.0",
        "wrappy": "1"
      }
    },
    "inherits": {
      "version": "2.0.4",
      "resolved": "http://npm.6tiantian.com:4873/inherits/-/inherits-2.0.4.tgz",
      "integrity": "sha1-D6LGT5MpF8NDOg3tVTY6rjdBa3w=",
      "dev": true
    },
    "interpret": {
      "version": "1.2.0",
      "resolved": "http://npm.6tiantian.com:4873/interpret/-/interpret-1.2.0.tgz",
      "integrity": "sha1-1QYaYiS+WOgIOYX1AU2EQ1lXYpY=",
      "dev": true
    },
    "jquery": {
      "version": "3.4.1",
      "resolved": "http://npm.6tiantian.com:4873/jquery/-/jquery-3.4.1.tgz",
      "integrity": "sha1-cU8fjZ3eS9+lV2S6N+8hRjDYDvI=",
      "dev": true
    },
    "jsonfile": {
      "version": "4.0.0",
      "resolved": "http://npm.6tiantian.com:4873/jsonfile/-/jsonfile-4.0.0.tgz",
      "integrity": "sha1-h3Gq4HmbZAdrdmQPygWPnBDjPss=",
      "dev": true,
      "requires": {
        "graceful-fs": "^4.1.6"
      }
    },
    "lodash": {
      "version": "4.17.15",
      "resolved": "http://npm.6tiantian.com:4873/lodash/-/lodash-4.17.15.tgz",
      "integrity": "sha1-tEf2ZwoEVbv+7dETku/zMOoJdUg=",
      "dev": true
    },
    "lunr": {
      "version": "2.3.6",
      "resolved": "http://npm.6tiantian.com:4873/lunr/-/lunr-2.3.6.tgz",
      "integrity": "sha1-8ni+7n/9Vq2G5uR4zgKrK5jHjdU=",
      "dev": true
    },
    "marked": {
      "version": "0.7.0",
      "resolved": "http://npm.6tiantian.com:4873/marked/-/marked-0.7.0.tgz",
      "integrity": "sha1-tkIB8FHScbHtwQoE0a6bdLuOXA4=",
      "dev": true
    },
    "minimatch": {
      "version": "3.0.4",
      "resolved": "http://npm.6tiantian.com:4873/minimatch/-/minimatch-3.0.4.tgz",
      "integrity": "sha1-UWbihkV/AzBgZL5Ul+jbsMPTIIM=",
      "dev": true,
      "requires": {
        "brace-expansion": "^1.1.7"
      }
    },
    "minimist": {
      "version": "0.0.10",
      "resolved": "http://npm.6tiantian.com:4873/minimist/-/minimist-0.0.10.tgz",
      "integrity": "sha1-3j+YVD2/lggr5IrRoMfNqDYwHc8=",
      "dev": true
    },
    "neo-async": {
      "version": "2.6.1",
      "resolved": "http://npm.6tiantian.com:4873/neo-async/-/neo-async-2.6.1.tgz",
      "integrity": "sha1-rCetpmFn+ohJpq3dg39rGJrSCBw=",
      "dev": true
    },
    "once": {
      "version": "1.4.0",
      "resolved": "http://npm.6tiantian.com:4873/once/-/once-1.4.0.tgz",
      "integrity": "sha1-WDsap3WWHUsROsF9nFC6753Xa9E=",
      "dev": true,
      "requires": {
        "wrappy": "1"
      }
    },
    "optimist": {
      "version": "0.6.1",
      "resolved": "http://npm.6tiantian.com:4873/optimist/-/optimist-0.6.1.tgz",
      "integrity": "sha1-2j6nRob6IaGaERwybpDrFaAZZoY=",
      "dev": true,
      "requires": {
        "minimist": "~0.0.1",
        "wordwrap": "~0.0.2"
      }
    },
    "path-is-absolute": {
      "version": "1.0.1",
      "resolved": "http://npm.6tiantian.com:4873/path-is-absolute/-/path-is-absolute-1.0.1.tgz",
      "integrity": "sha1-F0uSaHNVNP+8es5r9TpanhtcX18=",
      "dev": true
    },
    "path-parse": {
      "version": "1.0.6",
      "resolved": "http://npm.6tiantian.com:4873/path-parse/-/path-parse-1.0.6.tgz",
      "integrity": "sha1-1i27VnlAXXLEc37FhgDp3c8G0kw=",
      "dev": true
    },
    "progress": {
      "version": "2.0.3",
      "resolved": "http://npm.6tiantian.com:4873/progress/-/progress-2.0.3.tgz",
      "integrity": "sha1-foz42PW48jnBvGi+tOt4Vn1XLvg=",
      "dev": true
    },
    "rechoir": {
      "version": "0.6.2",
      "resolved": "http://npm.6tiantian.com:4873/rechoir/-/rechoir-0.6.2.tgz",
      "integrity": "sha1-hSBLVNuoLVdC4oyWdW70OvUOM4Q=",
      "dev": true,
      "requires": {
        "resolve": "^1.1.6"
      }
    },
    "resolve": {
      "version": "1.12.0",
      "resolved": "http://npm.6tiantian.com:4873/resolve/-/resolve-1.12.0.tgz",
      "integrity": "sha1-P8ZEo1yEpIVUYJ/ybsUrZvpXffY=",
      "dev": true,
      "requires": {
        "path-parse": "^1.0.6"
      }
    },
    "shelljs": {
      "version": "0.8.3",
      "resolved": "http://npm.6tiantian.com:4873/shelljs/-/shelljs-0.8.3.tgz",
      "integrity": "sha1-p/MxlSDr8J7oEnWyNorbKGZZsJc=",
      "dev": true,
      "requires": {
        "glob": "^7.0.0",
        "interpret": "^1.0.0",
        "rechoir": "^0.6.2"
      }
    },
    "source-map": {
      "version": "0.6.1",
      "resolved": "http://npm.6tiantian.com:4873/source-map/-/source-map-0.6.1.tgz",
      "integrity": "sha1-dHIq8y6WFOnCh6jQu95IteLxomM=",
      "dev": true
    },
    "tslib": {
      "version": "1.10.0",
      "resolved": "http://npm.6tiantian.com:4873/tslib/-/tslib-1.10.0.tgz",
      "integrity": "sha1-w8GflZc/sKYpc/sJ2Q2WHuQ+XIo="
    },
    "typedoc": {
      "version": "0.15.0",
      "resolved": "http://npm.6tiantian.com:4873/typedoc/-/typedoc-0.15.0.tgz",
      "integrity": "sha1-Ier020HPJ5e60CenTyp1zQiuDC0=",
      "dev": true,
      "requires": {
        "@types/minimatch": "3.0.3",
        "fs-extra": "^8.1.0",
        "handlebars": "^4.1.2",
        "highlight.js": "^9.15.8",
        "lodash": "^4.17.15",
        "marked": "^0.7.0",
        "minimatch": "^3.0.0",
        "progress": "^2.0.3",
        "shelljs": "^0.8.3",
        "typedoc-default-themes": "^0.6.0",
        "typescript": "3.5.x"
      }
    },
    "typedoc-default-themes": {
      "version": "0.6.0",
      "resolved": "http://npm.6tiantian.com:4873/typedoc-default-themes/-/typedoc-default-themes-0.6.0.tgz",
      "integrity": "sha1-fnO/VN2eEVUN0PtXbVF2t1j4+LU=",
      "dev": true,
      "requires": {
        "backbone": "^1.4.0",
        "jquery": "^3.4.1",
        "lunr": "^2.3.6",
        "underscore": "^1.9.1"
      }
    },
    "typescript": {
      "version": "3.5.3",
      "resolved": "http://npm.6tiantian.com:4873/typescript/-/typescript-3.5.3.tgz",
      "integrity": "sha1-yDD2V/k/HqhGgZ6SkJL1/lmD6Xc=",
      "dev": true
    },
    "uglify-js": {
      "version": "3.6.0",
      "resolved": "http://npm.6tiantian.com:4873/uglify-js/-/uglify-js-3.6.0.tgz",
      "integrity": "sha1-cEaBNFxTqLIHn7bOwpSwXq0kL/U=",
      "dev": true,
      "optional": true,
      "requires": {
        "commander": "~2.20.0",
        "source-map": "~0.6.1"
      }
    },
    "underscore": {
      "version": "1.9.1",
      "resolved": "http://npm.6tiantian.com:4873/underscore/-/underscore-1.9.1.tgz",
      "integrity": "sha1-BtzjSg5op7q8KbNluOdLiSUgOWE=",
      "dev": true
    },
    "universalify": {
      "version": "0.1.2",
      "resolved": "http://npm.6tiantian.com:4873/universalify/-/universalify-0.1.2.tgz",
      "integrity": "sha1-tkb2m+OULavOzJ1mOcgNwQXvqmY=",
      "dev": true
    },
    "wordwrap": {
      "version": "0.0.3",
      "resolved": "http://npm.6tiantian.com:4873/wordwrap/-/wordwrap-0.0.3.tgz",
      "integrity": "sha1-o9XabNXAvAAI03I0u68b7WMFkQc=",
      "dev": true
    },
    "wrappy": {
      "version": "1.0.2",
      "resolved": "http://npm.6tiantian.com:4873/wrappy/-/wrappy-1.0.2.tgz",
      "integrity": "sha1-tSQ9jz7BqjXxNkYFvA0QNuMKtp8=",
      "dev": true
    }
  }
}
