{
  "name": "olympus-r-phaserce",
  "version": "0.1.0-dev.20191205174051",
  "lockfileVersion": 1,
  "requires": true,
  "dependencies": {
    "olympus-r": {
      "version": "0.8.10",
      "resolved": "https://registry.npmjs.org/olympus-r/-/olympus-r-0.8.10.tgz",
      "integrity": "sha512-Y8St0rrNRaxaNyo/F7RciNbQ7ZY9+Lhvx0NSsID0TshBgENHo8weKchJX399F8YXA0Mn0K2Z8I6juuzh5ypKgg==",
      "dev": true,
      "requires": {
        "tslib": "^1.10.0"
      }
    },
    "phaser-ce": {
      "version": "2.13.3",
      "resolved": "https://registry.npmjs.org/phaser-ce/-/phaser-ce-2.13.3.tgz",
      "integrity": "sha512-tiaLwzuY1xVSTqpReg6At4ESgDWEn1cUUMjMudv4ft8VAL1whkVBiimtM2LjOi2fvbaFJBR99fSfFfNDKBxj4Q=="
    },
    "tslib": {
      "version": "1.10.0",
      "resolved": "https://registry.npmjs.org/tslib/-/tslib-1.10.0.tgz",
      "integrity": "sha512-qOebF53frne81cf0S9B41ByenJ3/IuH8yJKngAX35CmiZySA0khhkovshKK+jGCaMnVomla7gVlIcc3EvKPbTQ==",
      "dev": true
    }
  }
}
