{
  "name": "olympus-r-phaserce",
  "version": "0.1.0",
  "lockfileVersion": 1,
  "requires": true,
  "dependencies": {
    "olympus-r": {
      "version": "0.8.12",
      "resolved": "https://registry.npmjs.org/olympus-r/-/olympus-r-0.8.12.tgz",
      "integrity": "sha512-E+q2TB6virWDs3RrWJpp/kgetaxLRXQqba8kerg7tSIK6MD10QyoJRr1+c+1Pjk4uFvbe/Yovt6D+uY5yZjrsg==",
      "dev": true,
      "requires": {
        "tslib": "^1.10.0"
      }
    },
    "phaser-ce": {
      "version": "2.13.3",
      "resolved": "https://registry.npmjs.org/phaser-ce/-/phaser-ce-2.13.3.tgz",
      "integrity": "sha512-tiaLwzuY1xVSTqpReg6At4ESgDWEn1cUUMjMudv4ft8VAL1whkVBiimtM2LjOi2fvbaFJBR99fSfFfNDKBxj4Q=="
    },
    "tslib": {
      "version": "1.10.0",
      "resolved": "https://registry.npmjs.org/tslib/-/tslib-1.10.0.tgz",
      "integrity": "sha512-qOebF53frne81cf0S9B41ByenJ3/IuH8yJKngAX35CmiZySA0khhkovshKK+jGCaMnVomla7gVlIcc3EvKPbTQ==",
      "dev": true
    }
  }
}
