{
  "name": "olympus-r-egret",
  "version": "0.0.1",
  "lockfileVersion": 1,
  "requires": true,
  "dependencies": {
    "olympus-r": {
      "version": "0.0.7",
      "resolved": "https://registry.npmjs.org/olympus-r/-/olympus-r-0.0.7.tgz",
      "integrity": "sha512-Mnl4lUt5VebD4xUQNmuwH7jqnEoy3ZcAxX6V/6pGNj0k8ZVx2PMHoBjTin7i3TJrnlGv16tjvtoRagvB3Y7cYQ=="
    }
  }
}
