{
  "name": "olympus-r-egret",
  "version": "0.4.6",
  "lockfileVersion": 1,
  "requires": true,
  "dependencies": {
    "olympus-r": {
      "version": "0.4.5",
      "resolved": "https://registry.npmjs.org/olympus-r/-/olympus-r-0.4.5.tgz",
      "integrity": "sha512-ZX1wqjOS7HRY4fcSwpV2NcYQffxBDRNJWyqfrNxn6uPxG3G46QjcJcowEdfdm6PjuTw2HKDQNZforbQj+BLNhw==",
      "dev": true,
      "requires": {
        "reflect-metadata": "0.1.10"
      }
    },
    "reflect-metadata": {
      "version": "0.1.10",
      "resolved": "https://registry.npmjs.org/reflect-metadata/-/reflect-metadata-0.1.10.tgz",
      "integrity": "sha1-tPg3BEFqytiZiMmxVjXUfgO5NEo=",
      "dev": true
    }
  }
}
