{
  "name": "olympus-r-egret",
  "version": "0.1.7",
  "lockfileVersion": 1,
  "requires": true,
  "dependencies": {
    "olympus-r": {
      "version": "0.1.7",
      "resolved": "https://registry.npmjs.org/olympus-r/-/olympus-r-0.1.7.tgz",
      "integrity": "sha512-lzmuxjTun/dByZdoF1I988yJ4D3n+n9tyz3WQ7i9bfXJ0wIX+BQK+7tQxSc1Wp1ic7jFvNzjU69lAkgqF6NHHQ=="
    }
  }
}
